
Microsoft Visual Studio Solution File, Format Version 12.00
# Visual Studio Version 16
VisualStudioVersion = 16.0.29424.173
MinimumVisualStudioVersion = 10.0.40219.1
Project("{8BC9CEB8-8B4A-11D0-8D11-00A0C91BC942}") = "ArrayStack", "ArrayStack\ArrayStack.vcxproj", "{EBF75DA0-59AE-4A55-8D45-0BDBC9F872C0}"
EndProject
Global
	GlobalSection(SolutionConfigurationPlatforms) = preSolution
		Debug|x64 = Debug|x64
		Debug|x86 = Debug|x86
		Release|x64 = Release|x64
		Release|x86 = Release|x86
	EndGlobalSection
	GlobalSection(ProjectConfigurationPlatforms) = postSolution
		{EBF75DA0-59AE-4A55-8D45-0BDBC9F872C0}.Debug|x64.ActiveCfg = Debug|x64
		{EBF75DA0-59AE-4A55-8D45-0BDBC9F872C0}.Debug|x64.Build.0 = Debug|x64
		{EBF75DA0-59AE-4A55-8D45-0BDBC9F872C0}.Debug|x86.ActiveCfg = Debug|Win32
		{EBF75DA0-59AE-4A55-8D45-0BDBC9F872C0}.Debug|x86.Build.0 = Debug|Win32
		{EBF75DA0-59AE-4A55-8D45-0BDBC9F872C0}.Release|x64.ActiveCfg = Release|x64
		{EBF75DA0-59AE-4A55-8D45-0BDBC9F872C0}.Release|x64.Build.0 = Release|x64
		{EBF75DA0-59AE-4A55-8D45-0BDBC9F872C0}.Release|x86.ActiveCfg = Release|Win32
		{EBF75DA0-59AE-4A55-8D45-0BDBC9F872C0}.Release|x86.Build.0 = Release|Win32
	EndGlobalSection
	GlobalSection(SolutionProperties) = preSolution
		HideSolutionNode = FALSE
	EndGlobalSection
	GlobalSection(ExtensibilityGlobals) = postSolution
		SolutionGuid = {73A0DC8C-6101-4E31-9370-903EC2CEAA0F}
	EndGlobalSection
EndGlobal
